
Microsoft Visual Studio Solution File, Format Version 12.00
# Visual Studio 15
VisualStudioVersion = 15.0.27703.2042
MinimumVisualStudioVersion = 10.0.40219.1
Project("{FAE04EC0-301F-11D3-BF4B-00C04F79EFBC}") = "AutoConfigs4CSGO", "AutoConfigs4CSGO\AutoConfigs4CSGO.csproj", "{6AA56A3C-CAE2-4147-9A23-F129E2F19644}"
EndProject
Global
	GlobalSection(SolutionConfigurationPlatforms) = preSolution
		Debug|Any CPU = Debug|Any CPU
		Release|Any CPU = Release|Any CPU
	EndGlobalSection
	GlobalSection(ProjectConfigurationPlatforms) = postSolution
		{6AA56A3C-CAE2-4147-9A23-F129E2F19644}.Debug|Any CPU.ActiveCfg = Debug|Any CPU
		{6AA56A3C-CAE2-4147-9A23-F129E2F19644}.Debug|Any CPU.Build.0 = Debug|Any CPU
		{6AA56A3C-CAE2-4147-9A23-F129E2F19644}.Release|Any CPU.ActiveCfg = Release|Any CPU
		{6AA56A3C-CAE2-4147-9A23-F129E2F19644}.Release|Any CPU.Build.0 = Release|Any CPU
	EndGlobalSection
	GlobalSection(SolutionProperties) = preSolution
		HideSolutionNode = FALSE
	EndGlobalSection
	GlobalSection(ExtensibilityGlobals) = postSolution
		SolutionGuid = {D8944853-D9C0-4663-BB05-DCD01C914870}
	EndGlobalSection
EndGlobal
